
Microsoft Visual Studio Solution File, Format Version 12.00
# Visual Studio Version 16
VisualStudioVersion = 16.0.29009.5
MinimumVisualStudioVersion = 10.0.40219.1
Project("{FAE04EC0-301F-11D3-BF4B-00C04F79EFBC}") = "WebApplication9", "WebApplication9\WebApplication9.csproj", "{4D7A8507-0DB8-4762-8E38-5D681FAE6961}"
EndProject
Project("{FAE04EC0-301F-11D3-BF4B-00C04F79EFBC}") = "UnitTestProject1", "UnitTestProject1\UnitTestProject1.csproj", "{8CA5D00A-3860-49DE-8DF4-C4857CF3410C}"
EndProject
Global
	GlobalSection(SolutionConfigurationPlatforms) = preSolution
		Debug|Any CPU = Debug|Any CPU
		Release|Any CPU = Release|Any CPU
		test|Any CPU = test|Any CPU
	EndGlobalSection
	GlobalSection(ProjectConfigurationPlatforms) = postSolution
		{4D7A8507-0DB8-4762-8E38-5D681FAE6961}.Debug|Any CPU.ActiveCfg = Debug|Any CPU
		{4D7A8507-0DB8-4762-8E38-5D681FAE6961}.Debug|Any CPU.Build.0 = Debug|Any CPU
		{4D7A8507-0DB8-4762-8E38-5D681FAE6961}.Release|Any CPU.ActiveCfg = Release|Any CPU
		{4D7A8507-0DB8-4762-8E38-5D681FAE6961}.Release|Any CPU.Build.0 = Release|Any CPU
		{4D7A8507-0DB8-4762-8E38-5D681FAE6961}.test|Any CPU.ActiveCfg = test|Any CPU
		{4D7A8507-0DB8-4762-8E38-5D681FAE6961}.test|Any CPU.Build.0 = test|Any CPU
		{8CA5D00A-3860-49DE-8DF4-C4857CF3410C}.Debug|Any CPU.ActiveCfg = Debug|Any CPU
		{8CA5D00A-3860-49DE-8DF4-C4857CF3410C}.Debug|Any CPU.Build.0 = Debug|Any CPU
		{8CA5D00A-3860-49DE-8DF4-C4857CF3410C}.Release|Any CPU.ActiveCfg = Release|Any CPU
		{8CA5D00A-3860-49DE-8DF4-C4857CF3410C}.Release|Any CPU.Build.0 = Release|Any CPU
		{8CA5D00A-3860-49DE-8DF4-C4857CF3410C}.test|Any CPU.ActiveCfg = test|Any CPU
		{8CA5D00A-3860-49DE-8DF4-C4857CF3410C}.test|Any CPU.Build.0 = test|Any CPU
	EndGlobalSection
	GlobalSection(SolutionProperties) = preSolution
		HideSolutionNode = FALSE
	EndGlobalSection
	GlobalSection(ExtensibilityGlobals) = postSolution
		SolutionGuid = {DD4E6734-4F81-42A0-B307-8B5BC76D91C9}
	EndGlobalSection
EndGlobal
